
Microsoft Visual Studio Solution File, Format Version 12.00
# Visual Studio Version 17
VisualStudioVersion = 17.11.35222.181
MinimumVisualStudioVersion = 10.0.40219.1
Project("{FAE04EC0-301F-11D3-BF4B-00C04F79EFBC}") = "RegisterOfInstalLerAndDevice", "RegisterOfInstalLerAndDevice\RegisterOfInstalLerAndDevice.csproj", "{EFFB0A9D-70F9-4560-8A72-A30E6B228C4A}"
EndProject
Global
	GlobalSection(SolutionConfigurationPlatforms) = preSolution
		Debug|Any CPU = Debug|Any CPU
		Release|Any CPU = Release|Any CPU
	EndGlobalSection
	GlobalSection(ProjectConfigurationPlatforms) = postSolution
		{EFFB0A9D-70F9-4560-8A72-A30E6B228C4A}.Debug|Any CPU.ActiveCfg = Debug|Any CPU
		{EFFB0A9D-70F9-4560-8A72-A30E6B228C4A}.Debug|Any CPU.Build.0 = Debug|Any CPU
		{EFFB0A9D-70F9-4560-8A72-A30E6B228C4A}.Release|Any CPU.ActiveCfg = Release|Any CPU
		{EFFB0A9D-70F9-4560-8A72-A30E6B228C4A}.Release|Any CPU.Build.0 = Release|Any CPU
	EndGlobalSection
	GlobalSection(SolutionProperties) = preSolution
		HideSolutionNode = FALSE
	EndGlobalSection
	GlobalSection(ExtensibilityGlobals) = postSolution
		SolutionGuid = {5CAA9ABD-2E72-499A-BBB0-D9D83C7E6A3F}
	EndGlobalSection
EndGlobal
